
Microsoft Visual Studio Solution File, Format Version 12.00
# Visual Studio Version 16
VisualStudioVersion = 16.0.28803.202
MinimumVisualStudioVersion = 10.0.40219.1
Project("{FAE04EC0-301F-11D3-BF4B-00C04F79EFBC}") = "MathProblemPlugin", "MathProblemPlugin\MathProblemPlugin.csproj", "{BAC9CCAF-F0D5-4FFE-9B31-7169344B82ED}"
EndProject
Global
	GlobalSection(SolutionConfigurationPlatforms) = preSolution
		Debug|Any CPU = Debug|Any CPU
		Release|Any CPU = Release|Any CPU
	EndGlobalSection
	GlobalSection(ProjectConfigurationPlatforms) = postSolution
		{BAC9CCAF-F0D5-4FFE-9B31-7169344B82ED}.Debug|Any CPU.ActiveCfg = Debug|Any CPU
		{BAC9CCAF-F0D5-4FFE-9B31-7169344B82ED}.Debug|Any CPU.Build.0 = Debug|Any CPU
		{BAC9CCAF-F0D5-4FFE-9B31-7169344B82ED}.Release|Any CPU.ActiveCfg = Release|Any CPU
		{BAC9CCAF-F0D5-4FFE-9B31-7169344B82ED}.Release|Any CPU.Build.0 = Release|Any CPU
	EndGlobalSection
	GlobalSection(SolutionProperties) = preSolution
		HideSolutionNode = FALSE
	EndGlobalSection
	GlobalSection(ExtensibilityGlobals) = postSolution
		SolutionGuid = {2CEFFB6D-70E7-41E4-AC5F-D0B93B23DDDC}
	EndGlobalSection
EndGlobal
